PODS:
  - Flutter (1.0.0)
  - flutter_open_setting (0.0.1):
    - Flutter

DEPENDENCIES:
  - Flutter (from `Flutter`)
  - flutter_open_setting (from `.symlinks/plugins/flutter_open_setting/ios`)

EXTERNAL SOURCES:
  Flutter:
    :path: Flutter
  flutter_open_setting:
    :path: ".symlinks/plugins/flutter_open_setting/ios"

SPEC CHECKSUMS:
  Flutter: 0e3d915762c693b495b44d77113d4970485de6ec
  flutter_open_setting: fa215d041d158f3c19c9e46cc512276b4519dde0

PODFILE CHECKSUM: aafe91acc616949ddb318b77800a7f51bffa2a4c

COCOAPODS: 1.10.0.beta.2
